{
    "hash": "c7f16fe25953d77af313269b615691a5",
    "packages": [
        {
            "package": "symfony/console",
            "version": "2.0.x-dev",
            "source-reference": "v2.0.16",
            "commit-date": "1341926882"
        },
        {
            "package": "symfony/process",
            "version": "2.0.x-dev",
            "source-reference": "v2.0.16",
            "commit-date": "1337530510"
        },
        {
            "package": "symfony/yaml",
            "version": "2.0.x-dev",
            "source-reference": "v2.0.16",
            "commit-date": "1341837830"
        },
        {
            "package": "twig/twig",
            "version": "dev-master",
            "alias-pretty-version": "1.9.x-dev",
            "alias-version": "1.9.9999999.9999999-dev"
        },
        {
            "package": "twig/twig",
            "version": "dev-master",
            "source-reference": "7c3b987742ed8512ba70712e0ff8862c52eebbc9",
            "commit-date": "1342675769"
        }
    ],
    "packages-dev": null,
    "aliases": [

    ],
    "minimum-stability": "dev",
    "stability-flags": [

    ]
}
