{
    "hash": "51ef2147b47b6b599177c3402b79dbab",
    "packages": [
        {
            "package": "symfony/console",
            "version": "2.0.x-dev",
            "source-reference": "v2.0.15",
            "commit-date": "1337159406"
        },
        {
            "package": "symfony/process",
            "version": "2.0.x-dev",
            "source-reference": "cfeeff8ab95b41905c8c19a63d5d11502ce9b309",
            "commit-date": "1337530510"
        },
        {
            "package": "symfony/yaml",
            "version": "2.0.x-dev",
            "source-reference": "c123857e83b279a4a1300ef27cc8cc25d8ea84f9",
            "commit-date": "1339254257"
        },
        {
            "package": "twig/twig",
            "version": "dev-master",
            "alias-pretty-version": "1.8.x-dev",
            "alias-version": "1.8.9999999.9999999-dev"
        },
        {
            "package": "twig/twig",
            "version": "dev-master",
            "source-reference": "73da773aaad0f97f2e967ec8241b8adf7b1e03d2",
            "commit-date": "1340890758"
        }
    ],
    "packages-dev": null,
    "aliases": [

    ],
    "minimum-stability": "dev",
    "stability-flags": [

    ]
}
